
Microsoft Visual Studio Solution File, Format Version 12.00
# Visual Studio Version 17
VisualStudioVersion = 17.11.35327.3
MinimumVisualStudioVersion = 10.0.40219.1
Project("{F184B08F-C81C-45F6-A57F-5ABD9991F28F}") = "WinFormsApp4", "WinFormsApp4\WinFormsApp4.vbproj", "{B7EC2AAC-F569-4F87-9C92-92291CCEA98F}"
EndProject
Global
	GlobalSection(SolutionConfigurationPlatforms) = preSolution
		Debug|Any CPU = Debug|Any CPU
		Release|Any CPU = Release|Any CPU
	EndGlobalSection
	GlobalSection(ProjectConfigurationPlatforms) = postSolution
		{B7EC2AAC-F569-4F87-9C92-92291CCEA98F}.Debug|Any CPU.ActiveCfg = Debug|Any CPU
		{B7EC2AAC-F569-4F87-9C92-92291CCEA98F}.Debug|Any CPU.Build.0 = Debug|Any CPU
		{B7EC2AAC-F569-4F87-9C92-92291CCEA98F}.Release|Any CPU.ActiveCfg = Release|Any CPU
		{B7EC2AAC-F569-4F87-9C92-92291CCEA98F}.Release|Any CPU.Build.0 = Release|Any CPU
	EndGlobalSection
	GlobalSection(SolutionProperties) = preSolution
		HideSolutionNode = FALSE
	EndGlobalSection
	GlobalSection(ExtensibilityGlobals) = postSolution
		SolutionGuid = {B0140A6D-8A1C-40DC-8FA2-F88E828D9355}
	EndGlobalSection
EndGlobal
